
Microsoft Visual Studio Solution File, Format Version 12.00
# Visual Studio Version 17
VisualStudioVersion = 17.3.32811.315
MinimumVisualStudioVersion = 10.0.40219.1
Project("{FAE04EC0-301F-11D3-BF4B-00C04F79EFBC}") = "Demo", "Demo.csproj", "{DB84AF2E-E089-41BA-9A7F-A6E84DCB3AD6}"
EndProject
Global
	GlobalSection(SolutionConfigurationPlatforms) = preSolution
		Debug|Any CPU = Debug|Any CPU
		Release|Any CPU = Release|Any CPU
	EndGlobalSection
	GlobalSection(ProjectConfigurationPlatforms) = postSolution
		{DB84AF2E-E089-41BA-9A7F-A6E84DCB3AD6}.Debug|Any CPU.ActiveCfg = Debug|Any CPU
		{DB84AF2E-E089-41BA-9A7F-A6E84DCB3AD6}.Debug|Any CPU.Build.0 = Debug|Any CPU
		{DB84AF2E-E089-41BA-9A7F-A6E84DCB3AD6}.Release|Any CPU.ActiveCfg = Release|Any CPU
		{DB84AF2E-E089-41BA-9A7F-A6E84DCB3AD6}.Release|Any CPU.Build.0 = Release|Any CPU
	EndGlobalSection
	GlobalSection(SolutionProperties) = preSolution
		HideSolutionNode = FALSE
	EndGlobalSection
	GlobalSection(ExtensibilityGlobals) = postSolution
		SolutionGuid = {C6581D2F-D1EF-4130-8D60-8E7286E5BE0B}
	EndGlobalSection
EndGlobal
